
Microsoft Visual Studio Solution File, Format Version 12.00
# Visual Studio Version 16
VisualStudioVersion = 16.0.33529.622
MinimumVisualStudioVersion = 10.0.40219.1
Project("{FAE04EC0-301F-11D3-BF4B-00C04F79EFBC}") = "appRegistroSena", "appRegistroSena\appRegistroSena.csproj", "{EC559556-4A72-43EC-BB8E-57FBDADFB7D2}"
EndProject
Global
	GlobalSection(SolutionConfigurationPlatforms) = preSolution
		Debug|Any CPU = Debug|Any CPU
		Release|Any CPU = Release|Any CPU
	EndGlobalSection
	GlobalSection(ProjectConfigurationPlatforms) = postSolution
		{EC559556-4A72-43EC-BB8E-57FBDADFB7D2}.Debug|Any CPU.ActiveCfg = Debug|Any CPU
		{EC559556-4A72-43EC-BB8E-57FBDADFB7D2}.Debug|Any CPU.Build.0 = Debug|Any CPU
		{EC559556-4A72-43EC-BB8E-57FBDADFB7D2}.Release|Any CPU.ActiveCfg = Release|Any CPU
		{EC559556-4A72-43EC-BB8E-57FBDADFB7D2}.Release|Any CPU.Build.0 = Release|Any CPU
	EndGlobalSection
	GlobalSection(SolutionProperties) = preSolution
		HideSolutionNode = FALSE
	EndGlobalSection
	GlobalSection(ExtensibilityGlobals) = postSolution
		SolutionGuid = {5D0FE249-C849-4FF0-A980-96012A699DB9}
	EndGlobalSection
EndGlobal
